
Microsoft Visual Studio Solution File, Format Version 12.00
# Visual Studio 15
VisualStudioVersion = 15.0.28010.2036
MinimumVisualStudioVersion = 10.0.40219.1
Project("{8BC9CEB8-8B4A-11D0-8D11-00A0C91BC942}") = "1-SK_Unlocker", "1-SK_Unlocker\1-SK_Unlocker.vcxproj", "{B56B087A-DB1C-4D61-85B7-285CF6C4A13D}"
EndProject
Global
	GlobalSection(SolutionConfigurationPlatforms) = preSolution
		Release|x64 = Release|x64
	EndGlobalSection
	GlobalSection(ProjectConfigurationPlatforms) = postSolution
		{B56B087A-DB1C-4D61-85B7-285CF6C4A13D}.Release|x64.ActiveCfg = Release|x64
		{B56B087A-DB1C-4D61-85B7-285CF6C4A13D}.Release|x64.Build.0 = Release|x64
	EndGlobalSection
	GlobalSection(SolutionProperties) = preSolution
		HideSolutionNode = FALSE
	EndGlobalSection
	GlobalSection(ExtensibilityGlobals) = postSolution
		SolutionGuid = {EB48D843-9054-4AFC-8E2A-1C859692E050}
	EndGlobalSection
EndGlobal
